# THIS IS AN AUTOGENERATED FILE. DO NOT EDIT THIS FILE DIRECTLY.
# yarn lockfile v1


add@^2.0.6:
  version "2.0.6"
  resolved "https://registry.yarnpkg.com/add/-/add-2.0.6.tgz#248f0a9f6e5a528ef2295dbeec30532130ae2235"

jquery@>=1.12.0, jquery@^3.2.1, jquery@x.*:
  version "3.3.1"
  resolved "https://registry.yarnpkg.com/jquery/-/jquery-3.3.1.tgz#958ce29e81c9790f31be7792df5d4d95fc57fbca"

semantic-ui-css@^2.2.12:
  version "2.3.3"
  resolved "https://registry.yarnpkg.com/semantic-ui-css/-/semantic-ui-css-2.3.3.tgz#134794cde03344092f2728ff61bf9203cf172834"
  dependencies:
    jquery x.*

toastr@^2.1.4:
  version "2.1.4"
  resolved "https://registry.yarnpkg.com/toastr/-/toastr-2.1.4.tgz#8b43be64fb9d0c414871446f2db8e8ca4e95f181"
  dependencies:
    jquery ">=1.12.0"

yarn@^1.3.2:
  version "1.9.4"
  resolved "https://registry.yarnpkg.com/yarn/-/yarn-1.9.4.tgz#3b82d8446b652775723900b470d966861976924b"
